
Microsoft Visual Studio Solution File, Format Version 12.00
# Visual Studio 15
VisualStudioVersion = 15.0.25807.0
MinimumVisualStudioVersion = 10.0.40219.1
Project("{2150E333-8FDC-42A3-9474-1A3956D46DE8}") = "Engine", "Engine", "{0BBDF2B8-47DA-44B7-8033-D52B3C831298}"
EndProject
Project("{2150E333-8FDC-42A3-9474-1A3956D46DE8}") = "Games", "Games", "{4EBBB4C3-F59B-43CE-8CAD-8790BF20F3E9}"
EndProject
Project("{8BC9CEB8-8B4A-11D0-8D11-00A0C91BC942}") = "UE4", "Intermediate\ProjectFiles\UE4.vcxproj", "{EE39FBA4-8FFB-4A76-901C-E0C2F5D90D51}"
EndProject
Project("{8BC9CEB8-8B4A-11D0-8D11-00A0C91BC942}") = "BuildingEscape", "Intermediate\ProjectFiles\BuildingEscape.vcxproj", "{8AEC725A-36B9-4B22-B01F-6BFB94D9BCCE}"
EndProject
Global
	GlobalSection(SolutionConfigurationPlatforms) = preSolution
		DebugGame Editor|HTML5 = DebugGame Editor|HTML5
		DebugGame Editor|Win32 = DebugGame Editor|Win32
		DebugGame Editor|Win64 = DebugGame Editor|Win64
		DebugGame|HTML5 = DebugGame|HTML5
		DebugGame|Win32 = DebugGame|Win32
		DebugGame|Win64 = DebugGame|Win64
		Development Editor|HTML5 = Development Editor|HTML5
		Development Editor|Win32 = Development Editor|Win32
		Development Editor|Win64 = Development Editor|Win64
		Development|HTML5 = Development|HTML5
		Development|Win32 = Development|Win32
		Development|Win64 = Development|Win64
		Shipping|HTML5 = Shipping|HTML5
		Shipping|Win32 = Shipping|Win32
		Shipping|Win64 = Shipping|Win64
	EndGlobalSection
	GlobalSection(ProjectConfigurationPlatforms) = postSolution
		{EE39FBA4-8FFB-4A76-901C-E0C2F5D90D51}.DebugGame Editor|HTML5.ActiveCfg = BuiltWithUnrealBuildTool|Win32
		{EE39FBA4-8FFB-4A76-901C-E0C2F5D90D51}.DebugGame Editor|HTML5.Build.0 = BuiltWithUnrealBuildTool|Win32
		{EE39FBA4-8FFB-4A76-901C-E0C2F5D90D51}.DebugGame Editor|Win32.ActiveCfg = BuiltWithUnrealBuildTool|Win32
		{EE39FBA4-8FFB-4A76-901C-E0C2F5D90D51}.DebugGame Editor|Win32.Build.0 = BuiltWithUnrealBuildTool|Win32
		{EE39FBA4-8FFB-4A76-901C-E0C2F5D90D51}.DebugGame Editor|Win64.ActiveCfg = BuiltWithUnrealBuildTool|Win32
		{EE39FBA4-8FFB-4A76-901C-E0C2F5D90D51}.DebugGame Editor|Win64.Build.0 = BuiltWithUnrealBuildTool|Win32
		{EE39FBA4-8FFB-4A76-901C-E0C2F5D90D51}.DebugGame|HTML5.ActiveCfg = BuiltWithUnrealBuildTool|Win32
		{EE39FBA4-8FFB-4A76-901C-E0C2F5D90D51}.DebugGame|HTML5.Build.0 = BuiltWithUnrealBuildTool|Win32
		{EE39FBA4-8FFB-4A76-901C-E0C2F5D90D51}.DebugGame|Win32.ActiveCfg = BuiltWithUnrealBuildTool|Win32
		{EE39FBA4-8FFB-4A76-901C-E0C2F5D90D51}.DebugGame|Win32.Build.0 = BuiltWithUnrealBuildTool|Win32
		{EE39FBA4-8FFB-4A76-901C-E0C2F5D90D51}.DebugGame|Win64.ActiveCfg = BuiltWithUnrealBuildTool|Win32
		{EE39FBA4-8FFB-4A76-901C-E0C2F5D90D51}.DebugGame|Win64.Build.0 = BuiltWithUnrealBuildTool|Win32
		{EE39FBA4-8FFB-4A76-901C-E0C2F5D90D51}.Development Editor|HTML5.ActiveCfg = BuiltWithUnrealBuildTool|Win32
		{EE39FBA4-8FFB-4A76-901C-E0C2F5D90D51}.Development Editor|HTML5.Build.0 = BuiltWithUnrealBuildTool|Win32
		{EE39FBA4-8FFB-4A76-901C-E0C2F5D90D51}.Development Editor|Win32.ActiveCfg = BuiltWithUnrealBuildTool|Win32
		{EE39FBA4-8FFB-4A76-901C-E0C2F5D90D51}.Development Editor|Win32.Build.0 = BuiltWithUnrealBuildTool|Win32
		{EE39FBA4-8FFB-4A76-901C-E0C2F5D90D51}.Development Editor|Win64.ActiveCfg = BuiltWithUnrealBuildTool|Win32
		{EE39FBA4-8FFB-4A76-901C-E0C2F5D90D51}.Development Editor|Win64.Build.0 = BuiltWithUnrealBuildTool|Win32
		{EE39FBA4-8FFB-4A76-901C-E0C2F5D90D51}.Development|HTML5.ActiveCfg = BuiltWithUnrealBuildTool|Win32
		{EE39FBA4-8FFB-4A76-901C-E0C2F5D90D51}.Development|HTML5.Build.0 = BuiltWithUnrealBuildTool|Win32
		{EE39FBA4-8FFB-4A76-901C-E0C2F5D90D51}.Development|Win32.ActiveCfg = BuiltWithUnrealBuildTool|Win32
		{EE39FBA4-8FFB-4A76-901C-E0C2F5D90D51}.Development|Win32.Build.0 = BuiltWithUnrealBuildTool|Win32
		{EE39FBA4-8FFB-4A76-901C-E0C2F5D90D51}.Development|Win64.ActiveCfg = BuiltWithUnrealBuildTool|Win32
		{EE39FBA4-8FFB-4A76-901C-E0C2F5D90D51}.Development|Win64.Build.0 = BuiltWithUnrealBuildTool|Win32
		{EE39FBA4-8FFB-4A76-901C-E0C2F5D90D51}.Shipping|HTML5.ActiveCfg = BuiltWithUnrealBuildTool|Win32
		{EE39FBA4-8FFB-4A76-901C-E0C2F5D90D51}.Shipping|HTML5.Build.0 = BuiltWithUnrealBuildTool|Win32
		{EE39FBA4-8FFB-4A76-901C-E0C2F5D90D51}.Shipping|Win32.ActiveCfg = BuiltWithUnrealBuildTool|Win32
		{EE39FBA4-8FFB-4A76-901C-E0C2F5D90D51}.Shipping|Win32.Build.0 = BuiltWithUnrealBuildTool|Win32
		{EE39FBA4-8FFB-4A76-901C-E0C2F5D90D51}.Shipping|Win64.ActiveCfg = BuiltWithUnrealBuildTool|Win32
		{EE39FBA4-8FFB-4A76-901C-E0C2F5D90D51}.Shipping|Win64.Build.0 = BuiltWithUnrealBuildTool|Win32
		{8AEC725A-36B9-4B22-B01F-6BFB94D9BCCE}.DebugGame Editor|HTML5.ActiveCfg = HTML5_DebugGame_Editor|Win32
		{8AEC725A-36B9-4B22-B01F-6BFB94D9BCCE}.DebugGame Editor|Win32.ActiveCfg = DebugGame_Editor|Win32
		{8AEC725A-36B9-4B22-B01F-6BFB94D9BCCE}.DebugGame Editor|Win64.ActiveCfg = DebugGame_Editor|x64
		{8AEC725A-36B9-4B22-B01F-6BFB94D9BCCE}.DebugGame Editor|Win64.Build.0 = DebugGame_Editor|x64
		{8AEC725A-36B9-4B22-B01F-6BFB94D9BCCE}.DebugGame|HTML5.ActiveCfg = HTML5_DebugGame_Game|Win32
		{8AEC725A-36B9-4B22-B01F-6BFB94D9BCCE}.DebugGame|HTML5.Build.0 = HTML5_DebugGame_Game|Win32
		{8AEC725A-36B9-4B22-B01F-6BFB94D9BCCE}.DebugGame|Win32.ActiveCfg = DebugGame_Game|Win32
		{8AEC725A-36B9-4B22-B01F-6BFB94D9BCCE}.DebugGame|Win32.Build.0 = DebugGame_Game|Win32
		{8AEC725A-36B9-4B22-B01F-6BFB94D9BCCE}.DebugGame|Win64.ActiveCfg = DebugGame_Game|x64
		{8AEC725A-36B9-4B22-B01F-6BFB94D9BCCE}.DebugGame|Win64.Build.0 = DebugGame_Game|x64
		{8AEC725A-36B9-4B22-B01F-6BFB94D9BCCE}.Development Editor|HTML5.ActiveCfg = HTML5_Development_Editor|Win32
		{8AEC725A-36B9-4B22-B01F-6BFB94D9BCCE}.Development Editor|Win32.ActiveCfg = Development_Editor|Win32
		{8AEC725A-36B9-4B22-B01F-6BFB94D9BCCE}.Development Editor|Win64.ActiveCfg = Development_Editor|x64
		{8AEC725A-36B9-4B22-B01F-6BFB94D9BCCE}.Development Editor|Win64.Build.0 = Development_Editor|x64
		{8AEC725A-36B9-4B22-B01F-6BFB94D9BCCE}.Development|HTML5.ActiveCfg = HTML5_Development_Game|Win32
		{8AEC725A-36B9-4B22-B01F-6BFB94D9BCCE}.Development|HTML5.Build.0 = HTML5_Development_Game|Win32
		{8AEC725A-36B9-4B22-B01F-6BFB94D9BCCE}.Development|Win32.ActiveCfg = Development_Game|Win32
		{8AEC725A-36B9-4B22-B01F-6BFB94D9BCCE}.Development|Win32.Build.0 = Development_Game|Win32
		{8AEC725A-36B9-4B22-B01F-6BFB94D9BCCE}.Development|Win64.ActiveCfg = Development_Game|x64
		{8AEC725A-36B9-4B22-B01F-6BFB94D9BCCE}.Development|Win64.Build.0 = Development_Game|x64
		{8AEC725A-36B9-4B22-B01F-6BFB94D9BCCE}.Shipping|HTML5.ActiveCfg = HTML5_Shipping_Game|Win32
		{8AEC725A-36B9-4B22-B01F-6BFB94D9BCCE}.Shipping|HTML5.Build.0 = HTML5_Shipping_Game|Win32
		{8AEC725A-36B9-4B22-B01F-6BFB94D9BCCE}.Shipping|Win32.ActiveCfg = Shipping_Game|Win32
		{8AEC725A-36B9-4B22-B01F-6BFB94D9BCCE}.Shipping|Win32.Build.0 = Shipping_Game|Win32
		{8AEC725A-36B9-4B22-B01F-6BFB94D9BCCE}.Shipping|Win64.ActiveCfg = Shipping_Game|x64
		{8AEC725A-36B9-4B22-B01F-6BFB94D9BCCE}.Shipping|Win64.Build.0 = Shipping_Game|x64
	EndGlobalSection
	GlobalSection(SolutionProperties) = preSolution
		HideSolutionNode = FALSE
	EndGlobalSection
	GlobalSection(NestedProjects) = preSolution
		{EE39FBA4-8FFB-4A76-901C-E0C2F5D90D51} = {0BBDF2B8-47DA-44B7-8033-D52B3C831298}
		{8AEC725A-36B9-4B22-B01F-6BFB94D9BCCE} = {4EBBB4C3-F59B-43CE-8CAD-8790BF20F3E9}
	EndGlobalSection
	GlobalSection(ExtensibilityGlobals) = postSolution
		SolutionGuid = {5594C30E-17A9-4C02-80A0-9393A916E6ED}
	EndGlobalSection
EndGlobal
